
Microsoft Visual Studio Solution File, Format Version 12.00
# Visual Studio Version 16
VisualStudioVersion = 16.0.29709.97
MinimumVisualStudioVersion = 10.0.40219.1
Project("{FAE04EC0-301F-11D3-BF4B-00C04F79EFBC}") = "VL.FMODStudio", "VL.FMODStudio\VL.FMODStudio.csproj", "{69479DAC-D4F7-4E69-A3FD-ABB3FE776ED0}"
EndProject
Global
	GlobalSection(SolutionConfigurationPlatforms) = preSolution
		Debug|Any CPU = Debug|Any CPU
		Release|Any CPU = Release|Any CPU
	EndGlobalSection
	GlobalSection(ProjectConfigurationPlatforms) = postSolution
		{69479DAC-D4F7-4E69-A3FD-ABB3FE776ED0}.Debug|Any CPU.ActiveCfg = Debug|Any CPU
		{69479DAC-D4F7-4E69-A3FD-ABB3FE776ED0}.Debug|Any CPU.Build.0 = Debug|Any CPU
		{69479DAC-D4F7-4E69-A3FD-ABB3FE776ED0}.Release|Any CPU.ActiveCfg = Release|Any CPU
		{69479DAC-D4F7-4E69-A3FD-ABB3FE776ED0}.Release|Any CPU.Build.0 = Release|Any CPU
	EndGlobalSection
	GlobalSection(SolutionProperties) = preSolution
		HideSolutionNode = FALSE
	EndGlobalSection
	GlobalSection(ExtensibilityGlobals) = postSolution
		SolutionGuid = {E2F64BFD-2D84-4B3A-9128-B9DAD77E6003}
	EndGlobalSection
EndGlobal
